
Microsoft Visual Studio Solution File, Format Version 12.00
# Visual Studio Version 17
VisualStudioVersion = 17.9.34728.123
MinimumVisualStudioVersion = 10.0.40219.1
Project("{FAE04EC0-301F-11D3-BF4B-00C04F79EFBC}") = "OL-OASP_DEV_H-07_23.WebShop", "OL-OASP_DEV_H-07_23.WebShop\OL-OASP_DEV_H-07_23.WebShop.csproj", "{7A131C57-DA75-4467-93D4-814AC24A9BCF}"
EndProject
Project("{FAE04EC0-301F-11D3-BF4B-00C04F79EFBC}") = "OL-OASP_DEV_H-07_23.WebShop.Shared", "OL-OASP_DEV_H-07_23.WebShop.Shared\OL-OASP_DEV_H-07_23.WebShop.Shared.csproj", "{2DC1681B-0CBC-467A-93F5-B664E5561FA9}"
EndProject
Project("{FAE04EC0-301F-11D3-BF4B-00C04F79EFBC}") = "OL-OASP_DEV_H-07_23.WebShop.UnitTest", "OL-OASP_DEV_H-07_23.WebShop.UnitTest\OL-OASP_DEV_H-07_23.WebShop.UnitTest.csproj", "{BADBDFE9-4FB9-4267-BC49-CE735A32A557}"
EndProject
Global
	GlobalSection(SolutionConfigurationPlatforms) = preSolution
		Debug|Any CPU = Debug|Any CPU
		Release|Any CPU = Release|Any CPU
	EndGlobalSection
	GlobalSection(ProjectConfigurationPlatforms) = postSolution
		{7A131C57-DA75-4467-93D4-814AC24A9BCF}.Debug|Any CPU.ActiveCfg = Debug|Any CPU
		{7A131C57-DA75-4467-93D4-814AC24A9BCF}.Debug|Any CPU.Build.0 = Debug|Any CPU
		{7A131C57-DA75-4467-93D4-814AC24A9BCF}.Release|Any CPU.ActiveCfg = Release|Any CPU
		{7A131C57-DA75-4467-93D4-814AC24A9BCF}.Release|Any CPU.Build.0 = Release|Any CPU
		{2DC1681B-0CBC-467A-93F5-B664E5561FA9}.Debug|Any CPU.ActiveCfg = Debug|Any CPU
		{2DC1681B-0CBC-467A-93F5-B664E5561FA9}.Debug|Any CPU.Build.0 = Debug|Any CPU
		{2DC1681B-0CBC-467A-93F5-B664E5561FA9}.Release|Any CPU.ActiveCfg = Release|Any CPU
		{2DC1681B-0CBC-467A-93F5-B664E5561FA9}.Release|Any CPU.Build.0 = Release|Any CPU
		{BADBDFE9-4FB9-4267-BC49-CE735A32A557}.Debug|Any CPU.ActiveCfg = Debug|Any CPU
		{BADBDFE9-4FB9-4267-BC49-CE735A32A557}.Debug|Any CPU.Build.0 = Debug|Any CPU
		{BADBDFE9-4FB9-4267-BC49-CE735A32A557}.Release|Any CPU.ActiveCfg = Release|Any CPU
		{BADBDFE9-4FB9-4267-BC49-CE735A32A557}.Release|Any CPU.Build.0 = Release|Any CPU
	EndGlobalSection
	GlobalSection(SolutionProperties) = preSolution
		HideSolutionNode = FALSE
	EndGlobalSection
	GlobalSection(ExtensibilityGlobals) = postSolution
		SolutionGuid = {4A4E3342-AE5D-44AC-825F-CE2B44ACC9E8}
	EndGlobalSection
EndGlobal
